
Microsoft Visual Studio Solution File, Format Version 12.00
# Visual Studio Version 17
VisualStudioVersion = 17.8.34322.80
MinimumVisualStudioVersion = 10.0.40219.1
Project("{FAE04EC0-301F-11D3-BF4B-00C04F79EFBC}") = "FactTests", "FactTests.csproj", "{C3EB9F9C-AF81-407F-917B-9074BCA8E963}"
EndProject
Global
	GlobalSection(SolutionConfigurationPlatforms) = preSolution
		Debug|Any CPU = Debug|Any CPU
		Release|Any CPU = Release|Any CPU
	EndGlobalSection
	GlobalSection(ProjectConfigurationPlatforms) = postSolution
		{C3EB9F9C-AF81-407F-917B-9074BCA8E963}.Debug|Any CPU.ActiveCfg = Debug|Any CPU
		{C3EB9F9C-AF81-407F-917B-9074BCA8E963}.Debug|Any CPU.Build.0 = Debug|Any CPU
		{C3EB9F9C-AF81-407F-917B-9074BCA8E963}.Release|Any CPU.ActiveCfg = Release|Any CPU
		{C3EB9F9C-AF81-407F-917B-9074BCA8E963}.Release|Any CPU.Build.0 = Release|Any CPU
	EndGlobalSection
	GlobalSection(SolutionProperties) = preSolution
		HideSolutionNode = FALSE
	EndGlobalSection
	GlobalSection(ExtensibilityGlobals) = postSolution
		SolutionGuid = {0539F685-CA7E-4D64-B79B-4A3E16B70165}
	EndGlobalSection
EndGlobal
